<?xml version="1.0" encoding="utf-8"?>
<Project ToolsVersion="4.0" xmlns="http://schemas.microsoft.com/developer/msbuild/2003">
  <ItemGroup>
    <ClInclude Include="strKey_Editor.h" />
    <ClInclude Include="imgui\imconfig.h" />
    <ClInclude Include="imgui\imgui.h" />
    <ClInclude Include="imgui\imgui_impl_dx11.h" />
    <ClInclude Include="imgui\imgui_impl_win32.h" />
    <ClInclude Include="imgui\imgui_internal.h" />
    <ClInclude Include="imgui\imgui_stdlib.h" />
    <ClInclude Include="imgui\ImGuizmo.h" />
    <ClInclude Include="imgui\imstb_rectpack.h" />
    <ClInclude Include="imgui\imstb_textedit.h" />
    <ClInclude Include="imgui\imstb_truetype.h" />
    <ClInclude Include="PCH_Editor.h" />
    <ClInclude Include="Base\EditorBase.h" />
    <ClInclude Include="Base\EditorEntity.h" />
    <ClInclude Include="UI\EditorMainMenu.h" />
    <ClInclude Include="Base\EditorWindow.h" />
    <ClInclude Include="DebugObject\Console.h" />
    <ClInclude Include="DebugObject\SceneViewer.h" />
    <ClInclude Include="DebugObject\GameObjectHierarchy.h" />
    <ClInclude Include="Inspector\RendererInspector.h" />
    <ClInclude Include="Inspector\TransformInspector.h" />
    <ClInclude Include="Inspector\InspectorBase.h" />
    <ClInclude Include="Resource\FBXConverter.h" />
    <ClInclude Include="Resource\GraphicsShaderEditor.h" />
    <ClInclude Include="Resource\MaterialEditor.h" />
    <ClInclude Include="Resource\MeshEditor.h" />
    <ClInclude Include="Resource\NormalConverter.h" />
    <ClInclude Include="Resource\ResourceEditor.h" />
    <ClInclude Include="Resource\ResourcesViewer.h" />
    <ClInclude Include="Resource\TextureEditor.h" />
    <ClInclude Include="Resource\UVCalculator.h" />
    <ClInclude Include="Widget\Widget_ComboBox.h" />
    <ClInclude Include="Widget\Widget_List.h" />
    <ClInclude Include="Widget\Widget_Tree.h" />
    <ClInclude Include="EditorManager.h" />
    <ClInclude Include="EditorMain.h" />
    <ClInclude Include="Inspector\ComponentInspector.h" />
    <ClInclude Include="define_Editor.h" />
  </ItemGroup>
  <ItemGroup>
    <ClCompile Include="imgui\imgui.cpp" />
    <ClCompile Include="imgui\imgui_demo.cpp" />
    <ClCompile Include="imgui\imgui_draw.cpp" />
    <ClCompile Include="imgui\imgui_impl_dx11.cpp" />
    <ClCompile Include="imgui\imgui_impl_win32.cpp" />
    <ClCompile Include="imgui\imgui_stdlib.cpp" />
    <ClCompile Include="imgui\imgui_tables.cpp" />
    <ClCompile Include="imgui\imgui_widgets.cpp" />
    <ClCompile Include="imgui\ImGuizmo.cpp" />
    <ClCompile Include="PCH_Editor.cpp" />
    <ClCompile Include="Base\EditorBase.cpp" />
    <ClCompile Include="Base\EditorEntity.cpp" />
    <ClCompile Include="UI\EditorMainMenu.cpp" />
    <ClCompile Include="Base\EditorWindow.cpp" />
    <ClCompile Include="DebugObject\Console.cpp" />
    <ClCompile Include="DebugObject\SceneViewer.cpp" />
    <ClCompile Include="DebugObject\GameObjectHierarchy.cpp" />
    <ClCompile Include="Inspector\RendererInspector.cpp" />
    <ClCompile Include="Inspector\TransformInspector.cpp" />
    <ClCompile Include="Inspector\InspectorBase.cpp" />
    <ClCompile Include="Resource\FBXConverter.cpp" />
    <ClCompile Include="Resource\GraphicsShaderEditor.cpp" />
    <ClCompile Include="Resource\MaterialEditor.cpp" />
    <ClCompile Include="Resource\MeshEditor.cpp" />
    <ClCompile Include="Resource\NormalConverter.cpp" />
    <ClCompile Include="Resource\ResourceEditor.cpp" />
    <ClCompile Include="Resource\ResourcesViewer.cpp" />
    <ClCompile Include="Resource\TextureEditor.cpp" />
    <ClCompile Include="Resource\UVCalculator.cpp" />
    <ClCompile Include="Widget\Widget_ComboBox.cpp" />
    <ClCompile Include="Widget\Widget_List.cpp" />
    <ClCompile Include="Widget\Widget_Tree.cpp" />
    <ClCompile Include="EditorManager.cpp" />
    <ClCompile Include="EditorMain.cpp" />
    <ClCompile Include="Inspector\ComponentInspector.cpp" />
  </ItemGroup>
</Project>